
Microsoft Visual Studio Solution File, Format Version 12.00
# Visual Studio Version 17
VisualStudioVersion = 17.10.35013.160
MinimumVisualStudioVersion = 10.0.40219.1
Project("{FAE04EC0-301F-11D3-BF4B-00C04F79EFBC}") = "MahmoudIbrahim_sun&wed_5pm_C#04", "MahmoudIbrahim_sun&wed_5pm_C#04\MahmoudIbrahim_sun&wed_5pm_C#04.csproj", "{A3F956F3-ED32-40C7-9929-A2C8DC538DB2}"
EndProject
Global
	GlobalSection(SolutionConfigurationPlatforms) = preSolution
		Debug|Any CPU = Debug|Any CPU
		Release|Any CPU = Release|Any CPU
	EndGlobalSection
	GlobalSection(ProjectConfigurationPlatforms) = postSolution
		{A3F956F3-ED32-40C7-9929-A2C8DC538DB2}.Debug|Any CPU.ActiveCfg = Debug|Any CPU
		{A3F956F3-ED32-40C7-9929-A2C8DC538DB2}.Debug|Any CPU.Build.0 = Debug|Any CPU
		{A3F956F3-ED32-40C7-9929-A2C8DC538DB2}.Release|Any CPU.ActiveCfg = Release|Any CPU
		{A3F956F3-ED32-40C7-9929-A2C8DC538DB2}.Release|Any CPU.Build.0 = Release|Any CPU
	EndGlobalSection
	GlobalSection(SolutionProperties) = preSolution
		HideSolutionNode = FALSE
	EndGlobalSection
	GlobalSection(ExtensibilityGlobals) = postSolution
		SolutionGuid = {956D30F5-0555-4BA2-82D7-9EDCE7569136}
	EndGlobalSection
EndGlobal
